schema: '2.0'
stages:
  add_data:
    cmd: python ./data/random_data.py
    deps:
    - path: ./data/random_data.py
      hash: md5
      md5: e13a984b5bd75ae569cfca865d9282e6
      size: 2657
  preprocess_data:
    cmd: python ./data/prepare_data.py
    deps:
    - path: ./data/prepare_data.py
      hash: md5
      md5: 41f2f4b1d2931027f0dfe24f88c9d184
      size: 2066
  add_dummy_sensor_data:
    cmd: "dvc add ./data/dummy_sensor_data.csv\n"
  add_train_data:
    cmd: "dvc add ./data/prepared/train.csv\n"
  add_test_data:
    cmd: "dvc add ./data/prepared/test.csv\n"
  push_data:
    cmd: dvc push
  pull_data:
    cmd: dvc pull
  train_model:
    cmd: python ./train/train.py
  generate_data:
    cmd: python ./data/random_data.py
    deps:
    - path: ./data/random_data.py
      hash: md5
      md5: 708c1a4c31981a9b26ac8ff86fb1ef1a
      size: 2652
