schema: '2.0'
stages:
  pull_data:
    cmd: dvc pull
  generate_data:
    cmd: python ./data/random_data.py
    deps:
    - path: ./data/random_data.py
      hash: md5
      md5: 66fa85f1048a4d06ea3fcccc4ef9261b
      size: 2658
  add_dummy_sensor_data:
    cmd: "dvc add ./data/dummy_sensor_data.csv\n"
  preprocess_data:
    cmd: python ./data/prepare_data.py
    deps:
    - path: ./data/prepare_data.py
      hash: md5
      md5: 41f2f4b1d2931027f0dfe24f88c9d184
      size: 2066
  add_train_data:
    cmd: "dvc add ./data/prepared/train.csv\n"
  add_test_data:
    cmd: "dvc add ./data/prepared/test.csv\n"
  push_data:
    cmd: dvc push
  check_data:
    cmd: "python ./data/data_quality.py\n"
